[[package]]
name = "atomicwrites"
version = "1.4.0"
description = "Atomic file writes."
category = "dev"
optional = false
python-versions = ">=2.7, !=3.0.*, !=3.1.*, !=3.2.*, !=3.3.*"

[[package]]
name = "attrs"
version = "21.2.0"
description = "Classes Without Boilerplate"
category = "dev"
optional = false
python-versions = ">=2.7, !=3.0.*, !=3.1.*, !=3.2.*, !=3.3.*, !=3.4.*"

[package.extras]
dev = ["coverage[toml] (>=5.0.2)", "hypothesis", "pympler", "pytest (>=4.3.0)", "six", "mypy", "pytest-mypy-plugins", "zope.interface", "furo", "sphinx", "sphinx-notfound-page", "pre-commit"]
docs = ["furo", "sphinx", "zope.interface", "sphinx-notfound-page"]
tests = ["coverage[toml] (>=5.0.2)", "hypothesis", "pympler", "pytest (>=4.3.0)", "six", "mypy", "pytest-mypy-plugins", "zope.interface"]
tests_no_zope = ["coverage[toml] (>=5.0.2)", "hypothesis", "pympler", "pytest (>=4.3.0)", "six", "mypy", "pytest-mypy-plugins"]

[[package]]
name = "awscli-local"
version = "0.14"
description = "Thin wrapper around the \"aws\" command line interface for use with LocalStack"
category = "dev"
optional = false
python-versions = "*"

[package.dependencies]
localstack-client = "*"

[package.extras]
ver1 = ["awscli"]

[[package]]
name = "boto3"
version = "1.18.23"
description = "The AWS SDK for Python"
category = "main"
optional = false
python-versions = ">= 3.6"

[package.dependencies]
botocore = ">=1.21.23,<1.22.0"
jmespath = ">=0.7.1,<1.0.0"
s3transfer = ">=0.5.0,<0.6.0"

[package.extras]
crt = ["botocore[crt] (>=1.21.0,<2.0a0)"]

[[package]]
name = "botocore"
version = "1.21.23"
description = "Low-level, data-driven core of boto 3."
category = "main"
optional = false
python-versions = ">= 3.6"

[package.dependencies]
jmespath = ">=0.7.1,<1.0.0"
python-dateutil = ">=2.1,<3.0.0"
urllib3 = ">=1.25.4,<1.27"

[package.extras]
crt = ["awscrt (==0.11.24)"]

[[package]]
name = "certifi"
version = "2021.5.30"
description = "Python package for providing Mozilla's CA Bundle."
category = "dev"
optional = false
python-versions = "*"

[[package]]
name = "chardet"
version = "4.0.0"
description = "Universal encoding detector for Python 2 and 3"
category = "dev"
optional = false
python-versions = ">=2.7, !=3.0.*, !=3.1.*, !=3.2.*, !=3.3.*, !=3.4.*"

[[package]]
name = "colorama"
version = "0.4.4"
description = "Cross-platform colored terminal text."
category = "dev"
optional = false
python-versions = ">=2.7, !=3.0.*, !=3.1.*, !=3.2.*, !=3.3.*, !=3.4.*"

[[package]]
name = "dnslib"
version = "0.9.16"
description = "Simple library to encode/decode DNS wire-format packets"
category = "dev"
optional = false
python-versions = "*"

[[package]]
name = "dnspython"
version = "1.16.0"
description = "DNS toolkit"
category = "dev"
optional = false
python-versions = ">=2.7, !=3.0.*, !=3.1.*, !=3.2.*, !=3.3.*"

[package.extras]
DNSSEC = ["pycryptodome", "ecdsa (>=0.13)"]
IDNA = ["idna (>=2.1)"]

[[package]]
name = "docopt"
version = "0.6.2"
description = "Pythonic argument parser, that will make you smile"
category = "dev"
optional = false
python-versions = "*"

[[package]]
name = "dulwich"
version = "0.20.24"
description = "Python Git Library"
category = "dev"
optional = false
python-versions = ">=3.5"

[package.dependencies]
certifi = "*"
urllib3 = ">=1.24.1"

[package.extras]
fastimport = ["fastimport"]
https = ["urllib3[secure] (>=1.24.1)"]
pgp = ["gpg"]
watch = ["pyinotify"]

[[package]]
name = "idna"
version = "2.10"
description = "Internationalized Domain Names in Applications (IDNA)"
category = "dev"
optional = false
python-versions = ">=2.7, !=3.0.*, !=3.1.*, !=3.2.*, !=3.3.*"

[[package]]
name = "jmespath"
version = "0.10.0"
description = "JSON Matching Expressions"
category = "main"
optional = false
python-versions = ">=2.6, !=3.0.*, !=3.1.*, !=3.2.*"

[[package]]
name = "localstack"
version = "0.12.16.2"
description = "LocalStack - A fully functional local Cloud stack"
category = "dev"
optional = false
python-versions = "*"

[package.dependencies]
boto3 = ">=1.14.33"
dnspython = "1.16.0"
docopt = ">=0.6.2"
localstack-client = ">=1.20"
localstack-ext = ">=0.12.9.30"
pyyaml = ">=5.1"
requests = ">=2.20.0,<2.26"
six = ">=1.12.0"

[package.extras]
full = ["airspeed (>=0.5.14)", "amazon_kclpy-ext (==1.5.1)", "aws-sam-translator (>=1.15.1)", "awscli (>=1.14.18)", "boto (>=2.49.0)", "botocore (>=1.12.13)", "cachetools (>=3.1.1,<4.0.0)", "cbor2 (>=5.2.0)", "coverage (>=5.5)", "coveralls (==3.1.0)", "crontab (>=0.22.6)", "cryptography (<3.4)", "elasticsearch (>=7.0.0,<8.0.0)", "flask (>=1.0.2)", "flask-cors (>=3.0.3,<3.1.0)", "flask_swagger (==0.2.12)", "forbiddenfruit (==0.1.3)", "jsondiff (>=1.2.0)", "jsonpatch (>=1.24,<2.0)", "jsonpath-rw (>=1.4.0,<2.0.0)", "localstack-ext[full] (>=0.12.9.30)", "moto-ext[all] (>=2.0.3.23)", "psutil (>=5.4.8,<6.0.0)", "pympler (>=0.6)", "pyopenssl (==17.5.0)", "pytest (==6.2.4)", "pytest-rerunfailures (==10.0)", "Quart (>=0.6.15)", "requests-aws4auth (==0.9)", "sasl (>=0.2.1)", "xmltodict (>=0.11.0)"]

[[package]]
name = "localstack-client"
version = "1.22"
description = "A lightweight Python client for LocalStack."
category = "dev"
optional = false
python-versions = "*"

[package.dependencies]
boto3 = "*"

[[package]]
name = "localstack-ext"
version = "0.12.15.3"
description = "Extensions for LocalStack"
category = "dev"
optional = false
python-versions = "*"

[package.dependencies]
dnslib = ">=0.9.10"
dnspython = ">=1.16.0"
dulwich = ">=0.19.16"
pyaes = ">=1.6.0"
requests = ">=2.20.0,<2.26"
tabulate = "*"

[package.extras]
full = ["amazon.ion (<0.6)", "dill (==0.3.2)", "dirtyjson (==1.0.7)", "docker (>=3.7.2)", "docker-registry-client (>=0.5.2)", "ecdsa (<0.14)", "graphql-core (>=3.0.3)", "janus (>=0.5.0)", "kubernetes (>=10.0.1)", "paho-mqtt (>=1.5)", "pg8000 (>=1.10)", "postgres (>=2.2.2)", "postgresql-proxy (>=0.0.1)", "presto-python-client (>=0.7.0)", "pyftpdlib (>=1.5.6)", "pyhive[hive] (>=0.6.1)", "pyion2json (>=0.0.2)", "PyJWT (>=1.7.0)", "pyqldb (<3)", "pysiddhi-ext (>=5.1.0)", "readerwriterlock (>=1.0.7)", "rsa (>=4.0)", "srp-ext (==1.0.7.1)", "testing.common.database (>=1.1.0)", "warrant-ext (>=0.2.0.5)", "websockets (>=8.1)", "Whoosh (>=2.7.4)", "pytest-dependency (==0.5.1)"]

[[package]]
name = "more-itertools"
version = "8.8.0"
description = "More routines for operating on iterables, beyond itertools"
category = "dev"
optional = false
python-versions = ">=3.5"

[[package]]
name = "mysqlclient"
version = "2.0.3"
description = "Python interface to MySQL"
category = "main"
optional = false
python-versions = ">=3.5"

[[package]]
name = "packaging"
version = "21.0"
description = "Core utilities for Python packages"
category = "dev"
optional = false
python-versions = ">=3.6"

[package.dependencies]
pyparsing = ">=2.0.2"

[[package]]
name = "pluggy"
version = "0.13.1"
description = "plugin and hook calling mechanisms for python"
category = "dev"
optional = false
python-versions = ">=2.7, !=3.0.*, !=3.1.*, !=3.2.*, !=3.3.*"

[package.extras]
dev = ["pre-commit", "tox"]

[[package]]
name = "py"
version = "1.10.0"
description = "library with cross-python path, ini-parsing, io, code, log facilities"
category = "dev"
optional = false
python-versions = ">=2.7, !=3.0.*, !=3.1.*, !=3.2.*, !=3.3.*"

[[package]]
name = "pyaes"
version = "1.6.1"
description = "Pure-Python Implementation of the AES block-cipher and common modes of operation"
category = "dev"
optional = false
python-versions = "*"

[[package]]
name = "pyparsing"
version = "2.4.7"
description = "Python parsing module"
category = "dev"
optional = false
python-versions = ">=2.6, !=3.0.*, !=3.1.*, !=3.2.*"

[[package]]
name = "pytest"
version = "5.4.3"
description = "pytest: simple powerful testing with Python"
category = "dev"
optional = false
python-versions = ">=3.5"

[package.dependencies]
atomicwrites = {version = ">=1.0", markers = "sys_platform == \"win32\""}
attrs = ">=17.4.0"
colorama = {version = "*", markers = "sys_platform == \"win32\""}
more-itertools = ">=4.0.0"
packaging = "*"
pluggy = ">=0.12,<1.0"
py = ">=1.5.0"
wcwidth = "*"

[package.extras]
checkqa-mypy = ["mypy (==v0.761)"]
testing = ["argcomplete", "hypothesis (>=3.56)", "mock", "nose", "requests", "xmlschema"]

[[package]]
name = "python-dateutil"
version = "2.8.2"
description = "Extensions to the standard Python datetime module"
category = "main"
optional = false
python-versions = "!=3.0.*,!=3.1.*,!=3.2.*,>=2.7"

[package.dependencies]
six = ">=1.5"

[[package]]
name = "pyyaml"
version = "5.4.1"
description = "YAML parser and emitter for Python"
category = "dev"
optional = false
python-versions = ">=2.7, !=3.0.*, !=3.1.*, !=3.2.*, !=3.3.*, !=3.4.*, !=3.5.*"

[[package]]
name = "requests"
version = "2.25.1"
description = "Python HTTP for Humans."
category = "dev"
optional = false
python-versions = ">=2.7, !=3.0.*, !=3.1.*, !=3.2.*, !=3.3.*, !=3.4.*"

[package.dependencies]
certifi = ">=2017.4.17"
chardet = ">=3.0.2,<5"
idna = ">=2.5,<3"
urllib3 = ">=1.21.1,<1.27"

[package.extras]
security = ["pyOpenSSL (>=0.14)", "cryptography (>=1.3.4)"]
socks = ["PySocks (>=1.5.6,!=1.5.7)", "win-inet-pton"]

[[package]]
name = "s3transfer"
version = "0.5.0"
description = "An Amazon S3 Transfer Manager"
category = "main"
optional = false
python-versions = ">= 3.6"

[package.dependencies]
botocore = ">=1.12.36,<2.0a.0"

[package.extras]
crt = ["botocore[crt] (>=1.20.29,<2.0a.0)"]

[[package]]
name = "six"
version = "1.16.0"
description = "Python 2 and 3 compatibility utilities"
category = "main"
optional = false
python-versions = ">=2.7, !=3.0.*, !=3.1.*, !=3.2.*"

[[package]]
name = "tabulate"
version = "0.8.9"
description = "Pretty-print tabular data"
category = "dev"
optional = false
python-versions = "*"

[package.extras]
widechars = ["wcwidth"]

[[package]]
name = "urllib3"
version = "1.26.6"
description = "HTTP library with thread-safe connection pooling, file post, and more."
category = "main"
optional = false
python-versions = ">=2.7, !=3.0.*, !=3.1.*, !=3.2.*, !=3.3.*, !=3.4.*, <4"

[package.extras]
brotli = ["brotlipy (>=0.6.0)"]
secure = ["pyOpenSSL (>=0.14)", "cryptography (>=1.3.4)", "idna (>=2.0.0)", "certifi", "ipaddress"]
socks = ["PySocks (>=1.5.6,!=1.5.7,<2.0)"]

[[package]]
name = "wcwidth"
version = "0.2.5"
description = "Measures the displayed width of unicode strings in a terminal"
category = "dev"
optional = false
python-versions = "*"

[metadata]
lock-version = "1.1"
python-versions = "^3.8"
content-hash = "47edb9e347229916b1e76a71b4cc9919d9f288befb0e6de3d6a0f4621f5cdf34"

[metadata.files]
atomicwrites = [
    {file = "atomicwrites-1.4.0-py2.py3-none-any.whl", hash = "sha256:6d1784dea7c0c8d4a5172b6c620f40b6e4cbfdf96d783691f2e1302a7b88e197"},
    {file = "atomicwrites-1.4.0.tar.gz", hash = "sha256:ae70396ad1a434f9c7046fd2dd196fc04b12f9e91ffb859164193be8b6168a7a"},
]
attrs = [
    {file = "attrs-21.2.0-py2.py3-none-any.whl", hash = "sha256:149e90d6d8ac20db7a955ad60cf0e6881a3f20d37096140088356da6c716b0b1"},
    {file = "attrs-21.2.0.tar.gz", hash = "sha256:ef6aaac3ca6cd92904cdd0d83f629a15f18053ec84e6432106f7a4d04ae4f5fb"},
]
awscli-local = [
    {file = "awscli-local-0.14.tar.gz", hash = "sha256:61a9182429211a91d057fdcdbcb0875f844fbcec1c66cecfec5770ae4fb3e8dc"},
]
boto3 = [
    {file = "boto3-1.18.23-py3-none-any.whl", hash = "sha256:1b08ace99e7b92965780e5ce759430ad62b7b7e037560bc772f9a8789f4f36d2"},
    {file = "boto3-1.18.23.tar.gz", hash = "sha256:31cc69e665f773390c4c17ce340d2420e45fbac51d46d945cc4a58d483ec5da6"},
]
botocore = [
    {file = "botocore-1.21.23-py3-none-any.whl", hash = "sha256:3877d69e0b718b786f1696cd04ddbdb3a57aef6adb0239a29aa88754489849a4"},
    {file = "botocore-1.21.23.tar.gz", hash = "sha256:d0146d31dbc475942b578b47dd5bcf94d18fbce8c6d2ce5f12195e005de9b754"},
]
certifi = [
    {file = "certifi-2021.5.30-py2.py3-none-any.whl", hash = "sha256:50b1e4f8446b06f41be7dd6338db18e0990601dce795c2b1686458aa7e8fa7d8"},
    {file = "certifi-2021.5.30.tar.gz", hash = "sha256:2bbf76fd432960138b3ef6dda3dde0544f27cbf8546c458e60baf371917ba9ee"},
]
chardet = [
    {file = "chardet-4.0.0-py2.py3-none-any.whl", hash = "sha256:f864054d66fd9118f2e67044ac8981a54775ec5b67aed0441892edb553d21da5"},
    {file = "chardet-4.0.0.tar.gz", hash = "sha256:0d6f53a15db4120f2b08c94f11e7d93d2c911ee118b6b30a04ec3ee8310179fa"},
]
colorama = [
    {file = "colorama-0.4.4-py2.py3-none-any.whl", hash = "sha256:9f47eda37229f68eee03b24b9748937c7dc3868f906e8ba69fbcbdd3bc5dc3e2"},
    {file = "colorama-0.4.4.tar.gz", hash = "sha256:5941b2b48a20143d2267e95b1c2a7603ce057ee39fd88e7329b0c292aa16869b"},
]
dnslib = [
    {file = "dnslib-0.9.16-py3-none-any.whl", hash = "sha256:87dd634ce2349ced88fa5e50848d34b57569f99b4a542f72b9314d1e72fabf95"},
    {file = "dnslib-0.9.16.tar.gz", hash = "sha256:2d66b43d563d60c469117c8cb615843e7d05bf8fb2e6cb00a637281d26b7ec7d"},
]
dnspython = [
    {file = "dnspython-1.16.0-py2.py3-none-any.whl", hash = "sha256:f69c21288a962f4da86e56c4905b49d11aba7938d3d740e80d9e366ee4f1632d"},
    {file = "dnspython-1.16.0.zip", hash = "sha256:36c5e8e38d4369a08b6780b7f27d790a292b2b08eea01607865bf0936c558e01"},
]
docopt = [
    {file = "docopt-0.6.2.tar.gz", hash = "sha256:49b3a825280bd66b3aa83585ef59c4a8c82f2c8a522dbe754a8bc8d08c85c491"},
]
dulwich = [
    {file = "dulwich-0.20.24-cp36-cp36m-macosx_10_14_x86_64.whl", hash = "sha256:555c88a1076cd1cab12c5dac93239e63e2dc4347ae475c5ca0ea5494098eab0f"},
    {file = "dulwich-0.20.24-cp36-cp36m-manylinux_2_17_aarch64.manylinux2014_aarch64.whl", hash = "sha256:5ff59d02a4d61ee273708b85a8b370d46ea4bedd097904ab92682a2d44553284"},
    {file = "dulwich-0.20.24-cp36-cp36m-manylinux_2_5_x86_64.manylinux1_x86_64.manylinux_2_12_x86_64.manylinux2010_x86_64.whl", hash = "sha256:bab10f9580372267c3385e3ab9b3939e212a713f398c410d6f1392f96d6f0ffa"},
    {file = "dulwich-0.20.24-cp36-cp36m-win_amd64.whl", hash = "sha256:3d4249dd7bd608932ff3e8362b18f9b8ad899436063f8dd395355fd345da92c3"},
    {file = "dulwich-0.20.24-cp37-cp37m-macosx_10_14_x86_64.whl", hash = "sha256:fe649f2c95c209452639075d0ccd8cad6bda960044cf9b2e6268e1ac6ed30bac"},
    {file = "dulwich-0.20.24-cp37-cp37m-manylinux_2_17_aarch64.manylinux2014_aarch64.whl", hash = "sha256:df138aa678e3c6d9c1b21fa8e591311c0871b72fca635cc3c35361a540cc3ad1"},
    {file = "dulwich-0.20.24-cp37-cp37m-manylinux_2_5_x86_64.manylinux1_x86_64.manylinux_2_12_x86_64.manylinux2010_x86_64.whl", hash = "sha256:b9266eba455b399cbda79eac0a138dd80fd8af180e5dcf759d242749936eaeb3"},
    {file = "dulwich-0.20.24-cp37-cp37m-win_amd64.whl", hash = "sha256:bcd9c85ea319f7c7076de2717da0532dc99b1e4fd0bea374522af7436179f72f"},
    {file = "dulwich-0.20.24-cp38-cp38-macosx_10_14_x86_64.whl", hash = "sha256:aba891770d741613a13fc2d76972d99fff9b26a15383ad0f0bfbd3890e2b7a00"},
    {file = "dulwich-0.20.24-cp38-cp38-manylinux_2_17_aarch64.manylinux2014_aarch64.whl", hash = "sha256:8025f7249f9ed719af5cf041ac9a8de8fae0bf08875e9dcaedbccc98f4ea67a7"},
    {file = "dulwich-0.20.24-cp38-cp38-manylinux_2_5_x86_64.manylinux1_x86_64.manylinux_2_12_x86_64.manylinux2010_x86_64.whl", hash = "sha256:68cbdeae2e0c247690243c77c8b5cc671d6a091d6fbfcd43ff5eae13210e384f"},
    {file = "dulwich-0.20.24-cp38-cp38-win_amd64.whl", hash = "sha256:08a09353620981c8e9cc7ace76f71c8859bf035ae91c1b2bddb54494fe3b7638"},
    {file = "dulwich-0.20.24-cp39-cp39-macosx_10_14_x86_64.whl", hash = "sha256:3ab53d08bc8405cc99a1018e837b2866e0e1d0797999ab94bdfdc3b5369ec325"},
    {file = "dulwich-0.20.24-cp39-cp39-manylinux_2_17_aarch64.manylinux2014_aarch64.whl", hash = "sha256:fc97a857b274f5ed41f73c4593e665924a38f613835cfd72c55393a710a64a49"},
    {file = "dulwich-0.20.24-cp39-cp39-manylinux_2_5_x86_64.manylinux1_x86_64.manylinux_2_12_x86_64.manylinux2010_x86_64.whl", hash = "sha256:7bee1516e0516ff441a93206d0bc0816781ee7f6df37c9f01a9578e2bff7cc7c"},
    {file = "dulwich-0.20.24-cp39-cp39-win_amd64.whl", hash = "sha256:8853b0306406f6fb82812d2fc2af43d4cda50ea0223551c3b27df5eb008b655f"},
    {file = "dulwich-0.20.24.tar.gz", hash = "sha256:6b61ac0a2a8b1b1e18914310f3f7a422396334208b426b9de570f1de31644cf1"},
]
idna = [
    {file = "idna-2.10-py2.py3-none-any.whl", hash = "sha256:b97d804b1e9b523befed77c48dacec60e6dcb0b5391d57af6a65a312a90648c0"},
    {file = "idna-2.10.tar.gz", hash = "sha256:b307872f855b18632ce0c21c5e45be78c0ea7ae4c15c828c20788b26921eb3f6"},
]
jmespath = [
    {file = "jmespath-0.10.0-py2.py3-none-any.whl", hash = "sha256:cdf6525904cc597730141d61b36f2e4b8ecc257c420fa2f4549bac2c2d0cb72f"},
    {file = "jmespath-0.10.0.tar.gz", hash = "sha256:b85d0567b8666149a93172712e68920734333c0ce7e89b78b3e987f71e5ed4f9"},
]
localstack = [
    {file = "localstack-0.12.16.2.tar.gz", hash = "sha256:5b191cb17f9ae5771c87528a1aaf4ea8898fd68f9ee43f86e5c0cb51b231ce4e"},
]
localstack-client = [
    {file = "localstack-client-1.22.tar.gz", hash = "sha256:1517964f5d3746220abf2292b186050bdf28e1643072776a1810fb836033b3d9"},
]
localstack-ext = [
    {file = "localstack-ext-0.12.15.3.tar.gz", hash = "sha256:44030e129dce262073759dd5116308015ea2e00ad55b1a3cd5a65a56617f95bd"},
]
more-itertools = [
    {file = "more-itertools-8.8.0.tar.gz", hash = "sha256:83f0308e05477c68f56ea3a888172c78ed5d5b3c282addb67508e7ba6c8f813a"},
    {file = "more_itertools-8.8.0-py3-none-any.whl", hash = "sha256:2cf89ec599962f2ddc4d568a05defc40e0a587fbc10d5989713638864c36be4d"},
]
mysqlclient = [
    {file = "mysqlclient-2.0.3-cp36-cp36m-win_amd64.whl", hash = "sha256:3381ca1a4f37ff1155fcfde20836b46416d66531add8843f6aa6d968982731c3"},
    {file = "mysqlclient-2.0.3-cp37-cp37m-win_amd64.whl", hash = "sha256:0ac0dd759c4ca02c35a9fedc24bc982cf75171651e8187c2495ec957a87dfff7"},
    {file = "mysqlclient-2.0.3-cp38-cp38-win_amd64.whl", hash = "sha256:71c4b330cf2313bbda0307fc858cc9055e64493ba9bf28454d25cf8b3ee8d7f5"},
    {file = "mysqlclient-2.0.3-cp39-cp39-win_amd64.whl", hash = "sha256:fc575093cf81b6605bed84653e48b277318b880dc9becf42dd47fa11ffd3e2b6"},
    {file = "mysqlclient-2.0.3.tar.gz", hash = "sha256:f6ebea7c008f155baeefe16c56cd3ee6239f7a5a9ae42396c2f1860f08a7c432"},
]
packaging = [
    {file = "packaging-21.0-py3-none-any.whl", hash = "sha256:c86254f9220d55e31cc94d69bade760f0847da8000def4dfe1c6b872fd14ff14"},
    {file = "packaging-21.0.tar.gz", hash = "sha256:7dc96269f53a4ccec5c0670940a4281106dd0bb343f47b7471f779df49c2fbe7"},
]
pluggy = [
    {file = "pluggy-0.13.1-py2.py3-none-any.whl", hash = "sha256:966c145cd83c96502c3c3868f50408687b38434af77734af1e9ca461a4081d2d"},
    {file = "pluggy-0.13.1.tar.gz", hash = "sha256:15b2acde666561e1298d71b523007ed7364de07029219b604cf808bfa1c765b0"},
]
py = [
    {file = "py-1.10.0-py2.py3-none-any.whl", hash = "sha256:3b80836aa6d1feeaa108e046da6423ab8f6ceda6468545ae8d02d9d58d18818a"},
    {file = "py-1.10.0.tar.gz", hash = "sha256:21b81bda15b66ef5e1a777a21c4dcd9c20ad3efd0b3f817e7a809035269e1bd3"},
]
pyaes = [
    {file = "pyaes-1.6.1.tar.gz", hash = "sha256:02c1b1405c38d3c370b085fb952dd8bea3fadcee6411ad99f312cc129c536d8f"},
]
pyparsing = [
    {file = "pyparsing-2.4.7-py2.py3-none-any.whl", hash = "sha256:ef9d7589ef3c200abe66653d3f1ab1033c3c419ae9b9bdb1240a85b024efc88b"},
    {file = "pyparsing-2.4.7.tar.gz", hash = "sha256:c203ec8783bf771a155b207279b9bccb8dea02d8f0c9e5f8ead507bc3246ecc1"},
]
pytest = [
    {file = "pytest-5.4.3-py3-none-any.whl", hash = "sha256:5c0db86b698e8f170ba4582a492248919255fcd4c79b1ee64ace34301fb589a1"},
    {file = "pytest-5.4.3.tar.gz", hash = "sha256:7979331bfcba207414f5e1263b5a0f8f521d0f457318836a7355531ed1a4c7d8"},
]
python-dateutil = [
    {file = "python-dateutil-2.8.2.tar.gz", hash = "sha256:0123cacc1627ae19ddf3c27a5de5bd67ee4586fbdd6440d9748f8abb483d3e86"},
    {file = "python_dateutil-2.8.2-py2.py3-none-any.whl", hash = "sha256:961d03dc3453ebbc59dbdea9e4e11c5651520a876d0f4db161e8674aae935da9"},
]
pyyaml = [
    {file = "PyYAML-5.4.1-cp27-cp27m-macosx_10_9_x86_64.whl", hash = "sha256:3b2b1824fe7112845700f815ff6a489360226a5609b96ec2190a45e62a9fc922"},
    {file = "PyYAML-5.4.1-cp27-cp27m-win32.whl", hash = "sha256:129def1b7c1bf22faffd67b8f3724645203b79d8f4cc81f674654d9902cb4393"},
    {file = "PyYAML-5.4.1-cp27-cp27m-win_amd64.whl", hash = "sha256:4465124ef1b18d9ace298060f4eccc64b0850899ac4ac53294547536533800c8"},
    {file = "PyYAML-5.4.1-cp27-cp27mu-manylinux1_x86_64.whl", hash = "sha256:bb4191dfc9306777bc594117aee052446b3fa88737cd13b7188d0e7aa8162185"},
    {file = "PyYAML-5.4.1-cp36-cp36m-macosx_10_9_x86_64.whl", hash = "sha256:6c78645d400265a062508ae399b60b8c167bf003db364ecb26dcab2bda048253"},
    {file = "PyYAML-5.4.1-cp36-cp36m-manylinux1_x86_64.whl", hash = "sha256:4e0583d24c881e14342eaf4ec5fbc97f934b999a6828693a99157fde912540cc"},
    {file = "PyYAML-5.4.1-cp36-cp36m-manylinux2014_aarch64.whl", hash = "sha256:72a01f726a9c7851ca9bfad6fd09ca4e090a023c00945ea05ba1638c09dc3347"},
    {file = "PyYAML-5.4.1-cp36-cp36m-manylinux2014_s390x.whl", hash = "sha256:895f61ef02e8fed38159bb70f7e100e00f471eae2bc838cd0f4ebb21e28f8541"},
    {file = "PyYAML-5.4.1-cp36-cp36m-win32.whl", hash = "sha256:3bd0e463264cf257d1ffd2e40223b197271046d09dadf73a0fe82b9c1fc385a5"},
    {file = "PyYAML-5.4.1-cp36-cp36m-win_amd64.whl", hash = "sha256:e4fac90784481d221a8e4b1162afa7c47ed953be40d31ab4629ae917510051df"},
    {file = "PyYAML-5.4.1-cp37-cp37m-macosx_10_9_x86_64.whl", hash = "sha256:5accb17103e43963b80e6f837831f38d314a0495500067cb25afab2e8d7a4018"},
    {file = "PyYAML-5.4.1-cp37-cp37m-manylinux1_x86_64.whl", hash = "sha256:e1d4970ea66be07ae37a3c2e48b5ec63f7ba6804bdddfdbd3cfd954d25a82e63"},
    {file = "PyYAML-5.4.1-cp37-cp37m-manylinux2014_aarch64.whl", hash = "sha256:cb333c16912324fd5f769fff6bc5de372e9e7a202247b48870bc251ed40239aa"},
    {file = "PyYAML-5.4.1-cp37-cp37m-manylinux2014_s390x.whl", hash = "sha256:fe69978f3f768926cfa37b867e3843918e012cf83f680806599ddce33c2c68b0"},
    {file = "PyYAML-5.4.1-cp37-cp37m-win32.whl", hash = "sha256:dd5de0646207f053eb0d6c74ae45ba98c3395a571a2891858e87df7c9b9bd51b"},
    {file = "PyYAML-5.4.1-cp37-cp37m-win_amd64.whl", hash = "sha256:08682f6b72c722394747bddaf0aa62277e02557c0fd1c42cb853016a38f8dedf"},
    {file = "PyYAML-5.4.1-cp38-cp38-macosx_10_9_x86_64.whl", hash = "sha256:d2d9808ea7b4af864f35ea216be506ecec180628aced0704e34aca0b040ffe46"},
    {file = "PyYAML-5.4.1-cp38-cp38-manylinux1_x86_64.whl", hash = "sha256:8c1be557ee92a20f184922c7b6424e8ab6691788e6d86137c5d93c1a6ec1b8fb"},
    {file = "PyYAML-5.4.1-cp38-cp38-manylinux2014_aarch64.whl", hash = "sha256:fd7f6999a8070df521b6384004ef42833b9bd62cfee11a09bda1079b4b704247"},
    {file = "PyYAML-5.4.1-cp38-cp38-manylinux2014_s390x.whl", hash = "sha256:bfb51918d4ff3d77c1c856a9699f8492c612cde32fd3bcd344af9be34999bfdc"},
    {file = "PyYAML-5.4.1-cp38-cp38-win32.whl", hash = "sha256:fa5ae20527d8e831e8230cbffd9f8fe952815b2b7dae6ffec25318803a7528fc"},
    {file = "PyYAML-5.4.1-cp38-cp38-win_amd64.whl", hash = "sha256:0f5f5786c0e09baddcd8b4b45f20a7b5d61a7e7e99846e3c799b05c7c53fa696"},
    {file = "PyYAML-5.4.1-cp39-cp39-macosx_10_9_x86_64.whl", hash = "sha256:294db365efa064d00b8d1ef65d8ea2c3426ac366c0c4368d930bf1c5fb497f77"},
    {file = "PyYAML-5.4.1-cp39-cp39-manylinux1_x86_64.whl", hash = "sha256:74c1485f7707cf707a7aef42ef6322b8f97921bd89be2ab6317fd782c2d53183"},
    {file = "PyYAML-5.4.1-cp39-cp39-manylinux2014_aarch64.whl", hash = "sha256:d483ad4e639292c90170eb6f7783ad19490e7a8defb3e46f97dfe4bacae89122"},
    {file = "PyYAML-5.4.1-cp39-cp39-manylinux2014_s390x.whl", hash = "sha256:fdc842473cd33f45ff6bce46aea678a54e3d21f1b61a7750ce3c498eedfe25d6"},
    {file = "PyYAML-5.4.1-cp39-cp39-win32.whl", hash = "sha256:49d4cdd9065b9b6e206d0595fee27a96b5dd22618e7520c33204a4a3239d5b10"},
    {file = "PyYAML-5.4.1-cp39-cp39-win_amd64.whl", hash = "sha256:c20cfa2d49991c8b4147af39859b167664f2ad4561704ee74c1de03318e898db"},
    {file = "PyYAML-5.4.1.tar.gz", hash = "sha256:607774cbba28732bfa802b54baa7484215f530991055bb562efbed5b2f20a45e"},
]
requests = [
    {file = "requests-2.25.1-py2.py3-none-any.whl", hash = "sha256:c210084e36a42ae6b9219e00e48287def368a26d03a048ddad7bfee44f75871e"},
    {file = "requests-2.25.1.tar.gz", hash = "sha256:27973dd4a904a4f13b263a19c866c13b92a39ed1c964655f025f3f8d3d75b804"},
]
s3transfer = [
    {file = "s3transfer-0.5.0-py3-none-any.whl", hash = "sha256:9c1dc369814391a6bda20ebbf4b70a0f34630592c9aa520856bf384916af2803"},
    {file = "s3transfer-0.5.0.tar.gz", hash = "sha256:50ed823e1dc5868ad40c8dc92072f757aa0e653a192845c94a3b676f4a62da4c"},
]
six = [
    {file = "six-1.16.0-py2.py3-none-any.whl", hash = "sha256:8abb2f1d86890a2dfb989f9a77cfcfd3e47c2a354b01111771326f8aa26e0254"},
    {file = "six-1.16.0.tar.gz", hash = "sha256:1e61c37477a1626458e36f7b1d82aa5c9b094fa4802892072e49de9c60c4c926"},
]
tabulate = [
    {file = "tabulate-0.8.9-py3-none-any.whl", hash = "sha256:d7c013fe7abbc5e491394e10fa845f8f32fe54f8dc60c6622c6cf482d25d47e4"},
    {file = "tabulate-0.8.9.tar.gz", hash = "sha256:eb1d13f25760052e8931f2ef80aaf6045a6cceb47514db8beab24cded16f13a7"},
]
urllib3 = [
    {file = "urllib3-1.26.6-py2.py3-none-any.whl", hash = "sha256:39fb8672126159acb139a7718dd10806104dec1e2f0f6c88aab05d17df10c8d4"},
    {file = "urllib3-1.26.6.tar.gz", hash = "sha256:f57b4c16c62fa2760b7e3d97c35b255512fb6b59a259730f36ba32ce9f8e342f"},
]
wcwidth = [
    {file = "wcwidth-0.2.5-py2.py3-none-any.whl", hash = "sha256:beb4802a9cebb9144e99086eff703a642a13d6a0052920003a230f3294bbe784"},
    {file = "wcwidth-0.2.5.tar.gz", hash = "sha256:c4d647b99872929fdb7bdcaa4fbe7f01413ed3d98077df798530e5b04f116c83"},
]
